
Microsoft Visual Studio Solution File, Format Version 12.00
# Visual Studio Version 16
VisualStudioVersion = 16.0.31410.357
MinimumVisualStudioVersion = 10.0.40219.1
Project("{FAE04EC0-301F-11D3-BF4B-00C04F79EFBC}") = "GameOfLife", "GameOfLife.csproj", "{F373443F-B456-4A42-9F48-B538D138FB8C}"
EndProject
Global
	GlobalSection(SolutionConfigurationPlatforms) = preSolution
		Debug|Any CPU = Debug|Any CPU
		Release|Any CPU = Release|Any CPU
	EndGlobalSection
	GlobalSection(ProjectConfigurationPlatforms) = postSolution
		{F373443F-B456-4A42-9F48-B538D138FB8C}.Debug|Any CPU.ActiveCfg = Debug|Any CPU
		{F373443F-B456-4A42-9F48-B538D138FB8C}.Debug|Any CPU.Build.0 = Debug|Any CPU
		{F373443F-B456-4A42-9F48-B538D138FB8C}.Release|Any CPU.ActiveCfg = Release|Any CPU
		{F373443F-B456-4A42-9F48-B538D138FB8C}.Release|Any CPU.Build.0 = Release|Any CPU
	EndGlobalSection
	GlobalSection(SolutionProperties) = preSolution
		HideSolutionNode = FALSE
	EndGlobalSection
	GlobalSection(ExtensibilityGlobals) = postSolution
		SolutionGuid = {C31A5995-E61E-48A3-B88B-4E5E3B13E7C2}
	EndGlobalSection
EndGlobal
